<?xml version="1.0" encoding="utf-8"?>
<Project ToolsVersion="4.0" xmlns="http://schemas.microsoft.com/developer/msbuild/2003">
  <ItemGroup>
    <CudaCompile Include="..\source\FunctionsMath_ker.cu" />
    <CudaCompile Include="..\source\JCellDivGpu_ker.cu" />
    <CudaCompile Include="..\source\JCellDivGpuSingle_ker.cu" />
    <CudaCompile Include="..\source\JGauge_ker.cu" />
    <CudaCompile Include="..\source\JReduSum_ker.cu" />
    <CudaCompile Include="..\source\JSphGpu_ker.cu" />
    <CudaCompile Include="..\source\JSphSolidGpu_ker_L.cu" />
    <CudaCompile Include="..\source\JWaveOrder2_ker.cu" />
  </ItemGroup>
  <ItemGroup>
    <ClCompile Include="..\source\Functions.cpp" />
    <ClCompile Include="..\source\FunctionsCuda.cpp" />
    <ClCompile Include="..\source\FunctionsMath.cpp" />
    <ClCompile Include="..\source\GenCaseBis_T.cpp" />
    <ClCompile Include="..\source\JArraysCpu.cpp" />
    <ClCompile Include="..\source\JBinaryData.cpp" />
    <ClCompile Include="..\source\JBlockSizeAuto.cpp" />
    <ClCompile Include="..\source\JCellDivCpu.cpp" />
    <ClCompile Include="..\source\JCellDivCpuSingle.cpp" />
    <ClCompile Include="..\source\JCellDivGpu.cpp" />
    <ClCompile Include="..\source\JCellDivGpuSingle.cpp" />
    <ClCompile Include="..\source\JDamping.cpp" />
    <ClCompile Include="..\source\JArraysGpu.cpp" />
    <ClCompile Include="..\source\JDsphConfig.cpp" />
    <ClCompile Include="..\source\JException.cpp" />
    <ClCompile Include="..\source\JGaugeItem.cpp" />
    <ClCompile Include="..\source\JGaugeSystem.cpp" />
    <ClCompile Include="..\source\JLog2.cpp" />
    <ClCompile Include="..\source\JMeanValues.cpp" />
    <ClCompile Include="..\source\JMotion.cpp" />
    <ClCompile Include="..\source\JMotionList.cpp" />
    <ClCompile Include="..\source\JMotionMov.cpp" />
    <ClCompile Include="..\source\JMotionObj.cpp" />
    <ClCompile Include="..\source\JMotionPos.cpp" />
    <ClCompile Include="..\source\JObject.cpp" />
    <ClCompile Include="..\source\JObjectGpu.cpp" />
    <ClCompile Include="..\source\JPartDataBi4.cpp" />
    <ClCompile Include="..\source\JPartFloatBi4.cpp" />
    <ClCompile Include="..\source\JPartOutBi4Save.cpp" />
    <ClCompile Include="..\source\JPartsLoad4.cpp" />
    <ClCompile Include="..\source\JRadixSort.cpp" />
    <ClCompile Include="..\source\JRangeFilter.cpp" />
    <ClCompile Include="..\source\JReadDatafile.cpp" />
    <ClCompile Include="..\source\JSaveCsv2.cpp" />
    <ClCompile Include="..\source\JSaveDt.cpp" />
    <ClCompile Include="..\source\JSpaceProperties.cpp" />
    <ClCompile Include="..\source\JSphAccInput.cpp" />
    <ClCompile Include="..\source\JSphDtFixed.cpp" />
    <ClCompile Include="..\source\JSphGpuSingle.cpp" />
    <ClCompile Include="..\source\JSphInitialize.cpp" />
    <ClCompile Include="..\source\JSphMk.cpp" />
    <ClCompile Include="..\source\JSphMotion.cpp" />
    <ClCompile Include="..\source\JSphSolidCpu_M.cpp" />
    <ClCompile Include="..\source\JSphVisco.cpp" />
    <ClCompile Include="..\source\JPartsOut.cpp" />
    <ClCompile Include="..\source\JSphCpuSingle.cpp" />
    <ClCompile Include="..\source\JTimeControl.cpp" />
    <ClCompile Include="..\source\JTimeOut.cpp" />
    <ClCompile Include="..\source\JCfgRun.cpp" />
    <ClCompile Include="..\source\JSpaceParts.cpp" />
    <ClCompile Include="..\source\JSpaceCtes.cpp" />
    <ClCompile Include="..\source\JSpaceEParms.cpp" />
    <ClCompile Include="..\source\JSph.cpp" />
    <ClCompile Include="..\source\JSphGpu.cpp" />
    <ClCompile Include="..\source\JWaveSpectrumGpu.cpp" />
    <ClCompile Include="..\source\JXml.cpp" />
    <ClCompile Include="..\source\main.cpp" />
    <ClCompile Include="..\source\randomc.cpp" />
    <ClCompile Include="..\source\tinystr.cpp" />
    <ClCompile Include="..\source\tinyxml.cpp" />
    <ClCompile Include="..\source\tinyxmlerror.cpp" />
    <ClCompile Include="..\source\tinyxmlparser.cpp" />
  </ItemGroup>
  <ItemGroup>
    <ClInclude Include="..\source\Functions.h" />
    <ClInclude Include="..\source\FunctionsCuda.h" />
    <ClInclude Include="..\source\FunctionsMath.h" />
    <ClInclude Include="..\source\GenCaseBis_T.h" />
    <ClInclude Include="..\source\JArraysCpu.h" />
    <ClInclude Include="..\source\JBinaryData.h" />
    <ClInclude Include="..\source\JBlockSizeAuto.h" />
    <ClInclude Include="..\source\JCellDivCpu.h" />
    <ClInclude Include="..\source\JCellDivCpuSingle.h" />
    <ClInclude Include="..\source\JCellDivGpu.h" />
    <ClInclude Include="..\source\JCellDivGpuSingle.h" />
    <ClInclude Include="..\source\JCellDivGpuSingle_ker.h" />
    <ClInclude Include="..\source\JCellDivGpu_ker.h" />
    <ClInclude Include="..\source\JDamping.h" />
    <ClInclude Include="..\source\JDsphConfig.h" />
    <ClInclude Include="..\source\JException.h" />
    <ClInclude Include="..\source\JFormatFiles2.h" />
    <ClInclude Include="..\source\JArraysGpu.h" />
    <ClInclude Include="..\source\JGaugeItem.h" />
    <ClInclude Include="..\source\JGaugeSystem.h" />
    <ClInclude Include="..\source\JGauge_ker.h" />
    <ClInclude Include="..\source\JLog2.h" />
    <ClInclude Include="..\source\JMatrix4.h" />
    <ClInclude Include="..\source\JMeanValues.h" />
    <ClInclude Include="..\source\JMotion.h" />
    <ClInclude Include="..\source\JMotionEvent.h" />
    <ClInclude Include="..\source\JMotionList.h" />
    <ClInclude Include="..\source\JMotionMov.h" />
    <ClInclude Include="..\source\JMotionObj.h" />
    <ClInclude Include="..\source\JMotionPos.h" />
    <ClInclude Include="..\source\JObject.h" />
    <ClInclude Include="..\source\JObjectGpu.h" />
    <ClInclude Include="..\source\JPartDataBi4.h" />
    <ClInclude Include="..\source\JPartFloatBi4.h" />
    <ClInclude Include="..\source\JPartOutBi4Save.h" />
    <ClInclude Include="..\source\JPartsLoad4.h" />
    <ClInclude Include="..\source\JRadixSort.h" />
    <ClInclude Include="..\source\JRangeFilter.h" />
    <ClInclude Include="..\source\JReadDatafile.h" />
    <ClInclude Include="..\source\JReduSum_ker.h" />
    <ClInclude Include="..\source\JSaveCsv2.h" />
    <ClInclude Include="..\source\JSaveDt.h" />
    <ClInclude Include="..\source\JSpaceProperties.h" />
    <ClInclude Include="..\source\JSphAccInput.h" />
    <ClInclude Include="..\source\JSphDtFixed.h" />
    <ClInclude Include="..\source\JSphGpuSingle.h" />
    <ClInclude Include="..\source\JSphGpu_ker.h" />
    <ClInclude Include="..\source\JSphInitialize.h" />
    <ClInclude Include="..\source\JSphMk.h" />
    <ClInclude Include="..\source\JSphMotion.h" />
    <ClInclude Include="..\source\JSphSolidCpu_M.h" />
    <ClInclude Include="..\source\JSphSolidGpu_ker_L.h" />
    <ClInclude Include="..\source\JSphVisco.h" />
    <ClInclude Include="..\source\JPartsOut.h" />
    <ClInclude Include="..\source\JSphCpuSingle.h" />
    <ClInclude Include="..\source\JTimeControl.h" />
    <ClInclude Include="..\source\JTimeOut.h" />
    <ClInclude Include="..\source\JTimer.h" />
    <ClInclude Include="..\source\JTimerCuda.h" />
    <ClInclude Include="..\source\JWaveGen.h" />
    <ClInclude Include="..\source\JWaveOrder2_ker.h" />
    <ClInclude Include="..\source\JWaveSpectrumGpu.h" />
    <ClInclude Include="..\source\JXml.h" />
    <ClInclude Include="..\source\OmpDefs.h" />
    <ClInclude Include="..\source\randomc.h" />
    <ClInclude Include="..\source\tinystr.h" />
    <ClInclude Include="..\source\tinyxml.h" />
    <ClInclude Include="..\source\Types.h" />
    <ClInclude Include="..\source\TypesDef.h" />
    <ClInclude Include="Header.h" />
    <ClInclude Include="..\source\JSphTimersCpu.h" />
    <ClInclude Include="..\source\JCfgRun.h" />
    <ClInclude Include="..\source\JSpaceParts.h" />
    <ClInclude Include="..\source\JSpaceCtes.h" />
    <ClInclude Include="..\source\JSpaceEParms.h" />
    <ClInclude Include="..\source\JSph.h" />
    <ClInclude Include="..\source\JTimerClock.h" />
  </ItemGroup>
  <ItemGroup>
    <None Include="packages.config" />
  </ItemGroup>
</Project>